{
  "name": "qcfd",
  "version": "0.0.0",
  "lockfileVersion": 1,
  "requires": true,
  "dependencies": {
    "@nodelib/fs.scandir": {
      "version": "2.1.1",
      "resolved": "http://localhost:4873/@nodelib%2ffs.scandir/-/fs.scandir-2.1.1.tgz",
      "integrity": "sha512-NT/skIZjgotDSiXs0WqYhgcuBKhUMgfekCmCGtkUAiLqZdOnrdjmZr9wRl3ll64J9NF79uZ4fk16Dx0yMc/Xbg==",
      "requires": {
        "@nodelib/fs.stat": "2.0.1",
        "run-parallel": "^1.1.9"
      }
    },
    "@nodelib/fs.stat": {
      "version": "2.0.1",
      "resolved": "http://localhost:4873/@nodelib%2ffs.stat/-/fs.stat-2.0.1.tgz",
      "integrity": "sha512-+RqhBlLn6YRBGOIoVYthsG0J9dfpO79eJyN7BYBkZJtfqrBwf2KK+rD/M/yjZR6WBmIhAgOV7S60eCgaSWtbFw=="
    },
    "@nodelib/fs.walk": {
      "version": "1.2.2",
      "resolved": "http://localhost:4873/@nodelib%2ffs.walk/-/fs.walk-1.2.2.tgz",
      "integrity": "sha512-J/DR3+W12uCzAJkw7niXDcqcKBg6+5G5Q/ZpThpGNzAUz70eOR6RV4XnnSN01qHZiVl0eavoxJsBypQoKsV2QQ==",
      "requires": {
        "@nodelib/fs.scandir": "2.1.1",
        "fastq": "^1.6.0"
      }
    },
    "@sindresorhus/is": {
      "version": "0.14.0",
      "resolved": "http://localhost:4873/@sindresorhus%2fis/-/is-0.14.0.tgz",
      "integrity": "sha512-9NET910DNaIPngYnLLPeg+Ogzqsi9uM4mSboU5y6p8S5DzMTVEsJZrawi+BoDNUVBa2DhJqQYUFvMDfgU062LQ=="
    },
    "@szmarczak/http-timer": {
      "version": "1.1.2",
      "resolved": "http://localhost:4873/@szmarczak%2fhttp-timer/-/http-timer-1.1.2.tgz",
      "integrity": "sha512-XIB2XbzHTN6ieIjfIMV9hlVcfPU26s2vafYWQcZHWXHOxiaRZYEDKEwdl129Zyg50+foYV2jCgtrqSA6qNuNSA==",
      "requires": {
        "defer-to-connect": "^1.0.1"
      }
    },
    "abstract-leveldown": {
      "version": "6.0.3",
      "resolved": "http://localhost:4873/abstract-leveldown/-/abstract-leveldown-6.0.3.tgz",
      "integrity": "sha512-jzewKKpZbaYUa6HTThnrl+GrJhzjEAeuc7hTVpZdzg7kupXZFoqQDFwyOwLNbmJKJlmzw8yiipMPkDiuKkT06Q==",
      "requires": {
        "level-concat-iterator": "~2.0.0",
        "xtend": "~4.0.0"
      }
    },
    "argparse": {
      "version": "1.0.10",
      "resolved": "http://localhost:4873/argparse/-/argparse-1.0.10.tgz",
      "integrity": "sha512-o5Roy6tNG4SL/FOkCAN6RzjiakZS25RLYFrcMttJqbdd8BWrnA+fGz57iN5Pb06pvBGvl5gQ0B48dJlslXvoTg==",
      "requires": {
        "sprintf-js": "~1.0.2"
      }
    },
    "braces": {
      "version": "3.0.2",
      "resolved": "http://localhost:4873/braces/-/braces-3.0.2.tgz",
      "integrity": "sha512-b8um+L1RzM3WDSzvhm6gIz1yfTbBt6YTlcEKAvsmqCZZFw46z626lVj9j1yEPW33H5H+lBQpZMP1k8l+78Ha0A==",
      "requires": {
        "fill-range": "^7.0.1"
      }
    },
    "cacheable-request": {
      "version": "6.1.0",
      "resolved": "http://localhost:4873/cacheable-request/-/cacheable-request-6.1.0.tgz",
      "integrity": "sha512-Oj3cAGPCqOZX7Rz64Uny2GYAZNliQSqfbePrgAQ1wKAihYmCUnraBtJtKcGR4xz7wF+LoJC+ssFZvv5BgF9Igg==",
      "requires": {
        "clone-response": "^1.0.2",
        "get-stream": "^5.1.0",
        "http-cache-semantics": "^4.0.0",
        "keyv": "^3.0.0",
        "lowercase-keys": "^2.0.0",
        "normalize-url": "^4.1.0",
        "responselike": "^1.0.2"
      },
      "dependencies": {
        "get-stream": {
          "version": "5.1.0",
          "resolved": "http://localhost:4873/get-stream/-/get-stream-5.1.0.tgz",
          "integrity": "sha512-EXr1FOzrzTfGeL0gQdeFEvOMm2mzMOglyiOXSTpPC+iAjAKftbr3jpCMWynogwYnM+eSj9sHGc6wjIcDvYiygw==",
          "requires": {
            "pump": "^3.0.0"
          }
        },
        "lowercase-keys": {
          "version": "2.0.0",
          "resolved": "http://localhost:4873/lowercase-keys/-/lowercase-keys-2.0.0.tgz",
          "integrity": "sha512-tqNXrS78oMOE73NMxK4EMLQsQowWf8jKooH9g7xPavRT706R6bkQJ6DY2Te7QukaZsulxa30wQ7bk0pm4XiHmA=="
        }
      }
    },
    "clone-response": {
      "version": "1.0.2",
      "resolved": "http://localhost:4873/clone-response/-/clone-response-1.0.2.tgz",
      "integrity": "sha1-0dyXOSAxTfZ/vrlCI7TuNQI56Ws=",
      "requires": {
        "mimic-response": "^1.0.0"
      }
    },
    "core-util-is": {
      "version": "1.0.2",
      "resolved": "http://localhost:4873/core-util-is/-/core-util-is-1.0.2.tgz",
      "integrity": "sha1-tf1UIgqivFq1eqtxQMlAdUUDwac="
    },
    "decompress-response": {
      "version": "3.3.0",
      "resolved": "http://localhost:4873/decompress-response/-/decompress-response-3.3.0.tgz",
      "integrity": "sha1-gKTdMjdIOEv6JICDYirt7Jgq3/M=",
      "requires": {
        "mimic-response": "^1.0.0"
      }
    },
    "defer-to-connect": {
      "version": "1.0.2",
      "resolved": "http://localhost:4873/defer-to-connect/-/defer-to-connect-1.0.2.tgz",
      "integrity": "sha512-k09hcQcTDY+cwgiwa6PYKLm3jlagNzQ+RSvhjzESOGOx+MNOuXkxTfEvPrO1IOQ81tArCFYQgi631clB70RpQw=="
    },
    "deferred-leveldown": {
      "version": "5.1.0",
      "resolved": "http://localhost:4873/deferred-leveldown/-/deferred-leveldown-5.1.0.tgz",
      "integrity": "sha512-PvDY+BT2ONu2XVRgxHb77hYelLtMYxKSGuWuJJdVRXh9ntqx9GYTFJno/SKAz5xcd+yjQwyQeIZrUPjPvA52mg==",
      "requires": {
        "abstract-leveldown": "~6.0.0",
        "inherits": "^2.0.3"
      }
    },
    "delay": {
      "version": "4.3.0",
      "resolved": "http://localhost:4873/delay/-/delay-4.3.0.tgz",
      "integrity": "sha512-Lwaf3zVFDMBop1yDuFZ19F9WyGcZcGacsbdlZtWjQmM50tOcMntm1njF/Nb/Vjij3KaSvCF+sEYGKrrjObu2NA=="
    },
    "duplexer3": {
      "version": "0.1.4",
      "resolved": "http://localhost:4873/duplexer3/-/duplexer3-0.1.4.tgz",
      "integrity": "sha1-7gHdHKwO08vH/b6jfcCo8c4ALOI="
    },
    "encoding-down": {
      "version": "6.1.0",
      "resolved": "http://localhost:4873/encoding-down/-/encoding-down-6.1.0.tgz",
      "integrity": "sha512-pBW1mbuQDHQhQLBtqarX8x2oLynahiOzBY5L/BosNqcstJ8MjpSc3rx1yCUIqb6bUE2vsp3t0BaXS0ZDP1s5pg==",
      "requires": {
        "abstract-leveldown": "^6.0.0",
        "inherits": "^2.0.3",
        "level-codec": "^9.0.0",
        "level-errors": "^2.0.0"
      }
    },
    "end-of-stream": {
      "version": "1.4.1",
      "resolved": "http://localhost:4873/end-of-stream/-/end-of-stream-1.4.1.tgz",
      "integrity": "sha512-1MkrZNvWTKCaigbn+W15elq2BB/L22nqrSY5DKlo3X6+vclJm8Bb5djXJBmEX6fS3+zCh/F4VBK5Z2KxJt4s2Q==",
      "requires": {
        "once": "^1.4.0"
      }
    },
    "errno": {
      "version": "0.1.7",
      "resolved": "http://localhost:4873/errno/-/errno-0.1.7.tgz",
      "integrity": "sha512-MfrRBDWzIWifgq6tJj60gkAwtLNb6sQPlcFrSOflcP1aFmmruKQ2wRnze/8V6kgyz7H3FF8Npzv78mZ7XLLflg==",
      "requires": {
        "prr": "~1.0.1"
      }
    },
    "esprima": {
      "version": "4.0.1",
      "resolved": "http://localhost:4873/esprima/-/esprima-4.0.1.tgz",
      "integrity": "sha512-eGuFFw7Upda+g4p+QHvnW0RyTX/SVeJBDM/gCtMARO0cLuT2HcEKnTPvhjV6aGeqrCB/sbNop0Kszm0jsaWU4A=="
    },
    "fast-glob": {
      "version": "3.0.4",
      "resolved": "http://localhost:4873/fast-glob/-/fast-glob-3.0.4.tgz",
      "integrity": "sha512-wkIbV6qg37xTJwqSsdnIphL1e+LaGz4AIQqr00mIubMaEhv1/HEmJ0uuCGZRNRUkZZmOB5mJKO0ZUTVq+SxMQg==",
      "requires": {
        "@nodelib/fs.stat": "^2.0.1",
        "@nodelib/fs.walk": "^1.2.1",
        "glob-parent": "^5.0.0",
        "is-glob": "^4.0.1",
        "merge2": "^1.2.3",
        "micromatch": "^4.0.2"
      }
    },
    "fastq": {
      "version": "1.6.0",
      "resolved": "http://localhost:4873/fastq/-/fastq-1.6.0.tgz",
      "integrity": "sha512-jmxqQ3Z/nXoeyDmWAzF9kH1aGZSis6e/SbfPmJpUnyZ0ogr6iscHQaml4wsEepEWSdtmpy+eVXmCRIMpxaXqOA==",
      "requires": {
        "reusify": "^1.0.0"
      }
    },
    "fill-range": {
      "version": "7.0.1",
      "resolved": "http://localhost:4873/fill-range/-/fill-range-7.0.1.tgz",
      "integrity": "sha512-qOo9F+dMUmC2Lcb4BbVvnKJxTPjCm+RRpe4gDuGrzkL7mEVl/djYSu2OdQ2Pa302N4oqkSg9ir6jaLWJ2USVpQ==",
      "requires": {
        "to-regex-range": "^5.0.1"
      }
    },
    "get-stream": {
      "version": "4.1.0",
      "resolved": "http://localhost:4873/get-stream/-/get-stream-4.1.0.tgz",
      "integrity": "sha512-GMat4EJ5161kIy2HevLlr4luNjBgvmj413KaQA7jt4V8B4RDsfpHk7WQ9GVqfYyyx8OS/L66Kox+rJRNklLK7w==",
      "requires": {
        "pump": "^3.0.0"
      }
    },
    "glob-parent": {
      "version": "5.0.0",
      "resolved": "http://localhost:4873/glob-parent/-/glob-parent-5.0.0.tgz",
      "integrity": "sha512-Z2RwiujPRGluePM6j699ktJYxmPpJKCfpGA13jz2hmFZC7gKetzrWvg5KN3+OsIFmydGyZ1AVwERCq1w/ZZwRg==",
      "requires": {
        "is-glob": "^4.0.1"
      }
    },
    "got": {
      "version": "9.6.0",
      "resolved": "http://localhost:4873/got/-/got-9.6.0.tgz",
      "integrity": "sha512-R7eWptXuGYxwijs0eV+v3o6+XH1IqVK8dJOEecQfTmkncw9AV4dcw/Dhxi8MdlqPthxxpZyizMzyg8RTmEsG+Q==",
      "requires": {
        "@sindresorhus/is": "^0.14.0",
        "@szmarczak/http-timer": "^1.1.2",
        "cacheable-request": "^6.0.0",
        "decompress-response": "^3.3.0",
        "duplexer3": "^0.1.4",
        "get-stream": "^4.1.0",
        "lowercase-keys": "^1.0.1",
        "mimic-response": "^1.0.1",
        "p-cancelable": "^1.0.0",
        "to-readable-stream": "^1.0.0",
        "url-parse-lax": "^3.0.0"
      }
    },
    "http-cache-semantics": {
      "version": "4.0.3",
      "resolved": "http://localhost:4873/http-cache-semantics/-/http-cache-semantics-4.0.3.tgz",
      "integrity": "sha512-TcIMG3qeVLgDr1TEd2XvHaTnMPwYQUQMIBLy+5pLSDKYFc7UIqj39w8EGzZkaxoLv/l2K8HaI0t5AVA+YYgUew=="
    },
    "immediate": {
      "version": "3.2.3",
      "resolved": "http://localhost:4873/immediate/-/immediate-3.2.3.tgz",
      "integrity": "sha1-0UD6j2FGWb1lQSMwl92qwlzdmRw="
    },
    "inherits": {
      "version": "2.0.4",
      "resolved": "http://localhost:4873/inherits/-/inherits-2.0.4.tgz",
      "integrity": "sha512-k/vGaX4/Yla3WzyMCvTQOXYeIHvqOKtnqBduzTHpzpQZzAskKMhZ2K+EnBiSM9zGSoIFeMpXKxa4dYeZIQqewQ=="
    },
    "is-extglob": {
      "version": "2.1.1",
      "resolved": "http://localhost:4873/is-extglob/-/is-extglob-2.1.1.tgz",
      "integrity": "sha1-qIwCU1eR8C7TfHahueqXc8gz+MI="
    },
    "is-glob": {
      "version": "4.0.1",
      "resolved": "http://localhost:4873/is-glob/-/is-glob-4.0.1.tgz",
      "integrity": "sha512-5G0tKtBTFImOqDnLB2hG6Bp2qcKEFduo4tZu9MT/H6NQv/ghhy30o55ufafxJ/LdH79LLs2Kfrn85TLKyA7BUg==",
      "requires": {
        "is-extglob": "^2.1.1"
      }
    },
    "is-number": {
      "version": "7.0.0",
      "resolved": "http://localhost:4873/is-number/-/is-number-7.0.0.tgz",
      "integrity": "sha512-41Cifkg6e8TylSpdtTpeLVMqvSBEVzTttHvERD741+pnZ8ANv0004MRL43QKPDlK9cGvNp6NZWZUBlbGXYxxng=="
    },
    "is-typedarray": {
      "version": "1.0.0",
      "resolved": "http://localhost:4873/is-typedarray/-/is-typedarray-1.0.0.tgz",
      "integrity": "sha1-5HnICFjfDBsR3dppQPlgEfzaSpo="
    },
    "isarray": {
      "version": "0.0.1",
      "resolved": "http://localhost:4873/isarray/-/isarray-0.0.1.tgz",
      "integrity": "sha1-ihis/Kmo9Bd+Cav8YDiTmwXR7t8="
    },
    "js-yaml": {
      "version": "3.13.1",
      "resolved": "http://localhost:4873/js-yaml/-/js-yaml-3.13.1.tgz",
      "integrity": "sha512-YfbcO7jXDdyj0DGxYVSlSeQNHbD7XPWvrVWeVUujrQEoZzWJIRrCPoyk6kL6IAjAG2IolMK4T0hNUe0HOUs5Jw==",
      "requires": {
        "argparse": "^1.0.7",
        "esprima": "^4.0.0"
      }
    },
    "json-buffer": {
      "version": "3.0.0",
      "resolved": "http://localhost:4873/json-buffer/-/json-buffer-3.0.0.tgz",
      "integrity": "sha1-Wx85evx11ne96Lz8Dkfh+aPZqJg="
    },
    "keyv": {
      "version": "3.1.0",
      "resolved": "http://localhost:4873/keyv/-/keyv-3.1.0.tgz",
      "integrity": "sha512-9ykJ/46SN/9KPM/sichzQ7OvXyGDYKGTaDlKMGCAlg2UK8KRy4jb0d8sFc+0Tt0YYnThq8X2RZgCg74RPxgcVA==",
      "requires": {
        "json-buffer": "3.0.0"
      }
    },
    "level": {
      "version": "5.0.1",
      "resolved": "http://localhost:4873/level/-/level-5.0.1.tgz",
      "integrity": "sha512-wcak5OQeA4rURGacqS62R/xNHjCYnJSQDBOlm4KNUGJVE9bWv2B04TclqReYejN+oD65PzD4FsqeWoI5wNC5Lg==",
      "requires": {
        "level-js": "^4.0.0",
        "level-packager": "^5.0.0",
        "leveldown": "^5.0.0",
        "opencollective-postinstall": "^2.0.0"
      }
    },
    "level-codec": {
      "version": "9.0.1",
      "resolved": "http://localhost:4873/level-codec/-/level-codec-9.0.1.tgz",
      "integrity": "sha512-ajFP0kJ+nyq4i6kptSM+mAvJKLOg1X5FiFPtLG9M5gCEZyBmgDi3FkDrvlMkEzrUn1cWxtvVmrvoS4ASyO/q+Q=="
    },
    "level-concat-iterator": {
      "version": "2.0.1",
      "resolved": "http://localhost:4873/level-concat-iterator/-/level-concat-iterator-2.0.1.tgz",
      "integrity": "sha512-OTKKOqeav2QWcERMJR7IS9CUo1sHnke2C0gkSmcR7QuEtFNLLzHQAvnMw8ykvEcv0Qtkg0p7FOwP1v9e5Smdcw=="
    },
    "level-errors": {
      "version": "2.0.1",
      "resolved": "http://localhost:4873/level-errors/-/level-errors-2.0.1.tgz",
      "integrity": "sha512-UVprBJXite4gPS+3VznfgDSU8PTRuVX0NXwoWW50KLxd2yw4Y1t2JUR5In1itQnudZqRMT9DlAM3Q//9NCjCFw==",
      "requires": {
        "errno": "~0.1.1"
      }
    },
    "level-iterator-stream": {
      "version": "4.0.1",
      "resolved": "http://localhost:4873/level-iterator-stream/-/level-iterator-stream-4.0.1.tgz",
      "integrity": "sha512-pSZWqXK6/yHQkZKCHrR59nKpU5iqorKM22C/BOHTb/cwNQ2EOZG+bovmFFGcOgaBoF3KxqJEI27YwewhJQTzsw==",
      "requires": {
        "inherits": "^2.0.1",
        "readable-stream": "^3.0.2",
        "xtend": "^4.0.0"
      }
    },
    "level-js": {
      "version": "4.0.1",
      "resolved": "http://localhost:4873/level-js/-/level-js-4.0.1.tgz",
      "integrity": "sha512-m5JRIyHZn5VnCCFeRegJkn5bQd3MJK5qZX12zg3Oivc8+BUIS2yFS6ANMMeHX2ieGxucNvEn6/ZnyjmZQLLUWw==",
      "requires": {
        "abstract-leveldown": "~6.0.1",
        "immediate": "~3.2.3",
        "inherits": "^2.0.3",
        "ltgt": "^2.1.2",
        "typedarray-to-buffer": "~3.1.5"
      }
    },
    "level-packager": {
      "version": "5.0.2",
      "resolved": "http://localhost:4873/level-packager/-/level-packager-5.0.2.tgz",
      "integrity": "sha512-sJWdeW5tObvTvgP4Xf2psL5CEUsZjDjiTtlcimHp3Ifd4qbmkEGquN82C5ZtC7VpWEiISeUIBtIcCskVzEpvFw==",
      "requires": {
        "encoding-down": "^6.0.0",
        "levelup": "^4.0.0"
      }
    },
    "leveldown": {
      "version": "5.1.1",
      "resolved": "http://localhost:4873/leveldown/-/leveldown-5.1.1.tgz",
      "integrity": "sha512-4n2R/vEA/sssh5TKtFwM9gshW2tirNoURLqekLRUUzuF+eUBLFAufO8UW7bz8lBbG2jw8tQDF3LC+LcUCc12kg==",
      "requires": {
        "abstract-leveldown": "~6.0.3",
        "napi-macros": "~1.8.1",
        "node-gyp-build": "~4.1.0"
      }
    },
    "levelup": {
      "version": "4.1.0",
      "resolved": "http://localhost:4873/levelup/-/levelup-4.1.0.tgz",
      "integrity": "sha512-+Qhe2/jb5affN7BeFgWUUWVdYoGXO2nFS3QLEZKZynnQyP9xqA+7wgOz3fD8SST2UKpHQuZgjyJjTcB2nMl2dQ==",
      "requires": {
        "deferred-leveldown": "~5.1.0",
        "level-errors": "~2.0.0",
        "level-iterator-stream": "~4.0.0",
        "xtend": "~4.0.0"
      }
    },
    "lowercase-keys": {
      "version": "1.0.1",
      "resolved": "http://localhost:4873/lowercase-keys/-/lowercase-keys-1.0.1.tgz",
      "integrity": "sha512-G2Lj61tXDnVFFOi8VZds+SoQjtQC3dgokKdDG2mTm1tx4m50NUHBOZSBwQQHyy0V12A0JTG4icfZQH+xPyh8VA=="
    },
    "ltgt": {
      "version": "2.2.1",
      "resolved": "http://localhost:4873/ltgt/-/ltgt-2.2.1.tgz",
      "integrity": "sha1-81ypHEk/e3PaDgdJUwTxezH4fuU="
    },
    "merge2": {
      "version": "1.2.3",
      "resolved": "http://localhost:4873/merge2/-/merge2-1.2.3.tgz",
      "integrity": "sha512-gdUU1Fwj5ep4kplwcmftruWofEFt6lfpkkr3h860CXbAB9c3hGb55EOL2ali0Td5oebvW0E1+3Sr+Ur7XfKpRA=="
    },
    "micromatch": {
      "version": "4.0.2",
      "resolved": "http://localhost:4873/micromatch/-/micromatch-4.0.2.tgz",
      "integrity": "sha512-y7FpHSbMUMoyPbYUSzO6PaZ6FyRnQOpHuKwbo1G+Knck95XVU4QAiKdGEnj5wwoS7PlOgthX/09u5iFJ+aYf5Q==",
      "requires": {
        "braces": "^3.0.1",
        "picomatch": "^2.0.5"
      }
    },
    "mimic-response": {
      "version": "1.0.1",
      "resolved": "http://localhost:4873/mimic-response/-/mimic-response-1.0.1.tgz",
      "integrity": "sha512-j5EctnkH7amfV/q5Hgmoal1g2QHFJRraOtmx0JpIqkxhBhI/lJSl1nMpQ45hVarwNETOoWEimndZ4QK0RHxuxQ=="
    },
    "napi-macros": {
      "version": "1.8.2",
      "resolved": "http://localhost:4873/napi-macros/-/napi-macros-1.8.2.tgz",
      "integrity": "sha512-Tr0DNY4RzTaBG2W2m3l7ZtFuJChTH6VZhXVhkGGjF/4cZTt+i8GcM9ozD+30Lmr4mDoZ5Xx34t2o4GJqYWDGcg=="
    },
    "node-gyp-build": {
      "version": "4.1.0",
      "resolved": "http://localhost:4873/node-gyp-build/-/node-gyp-build-4.1.0.tgz",
      "integrity": "sha512-rGLv++nK20BG8gc0MzzcYe1Nl3p3mtwJ74Q2QD0HTEDKZ6NvOFSelY6s2QBPWIHRR8h7hpad0LiwajfClBJfNg=="
    },
    "normalize-url": {
      "version": "4.3.0",
      "resolved": "http://localhost:4873/normalize-url/-/normalize-url-4.3.0.tgz",
      "integrity": "sha512-0NLtR71o4k6GLP+mr6Ty34c5GA6CMoEsncKJxvQd8NzPxaHRJNnb5gZE8R1XF4CPIS7QPHLJ74IFszwtNVAHVQ=="
    },
    "object-keys": {
      "version": "0.4.0",
      "resolved": "http://localhost:4873/object-keys/-/object-keys-0.4.0.tgz",
      "integrity": "sha1-KKaq50KN0sOpLz2V8hM13SBOAzY="
    },
    "once": {
      "version": "1.4.0",
      "resolved": "http://localhost:4873/once/-/once-1.4.0.tgz",
      "integrity": "sha1-WDsap3WWHUsROsF9nFC6753Xa9E=",
      "requires": {
        "wrappy": "1"
      }
    },
    "opencollective-postinstall": {
      "version": "2.0.2",
      "resolved": "http://localhost:4873/opencollective-postinstall/-/opencollective-postinstall-2.0.2.tgz",
      "integrity": "sha512-pVOEP16TrAO2/fjej1IdOyupJY8KDUM1CvsaScRbw6oddvpQoOfGk4ywha0HKKVAD6RkW4x6Q+tNBwhf3Bgpuw=="
    },
    "p-cancelable": {
      "version": "1.1.0",
      "resolved": "http://localhost:4873/p-cancelable/-/p-cancelable-1.1.0.tgz",
      "integrity": "sha512-s73XxOZ4zpt1edZYZzvhqFa6uvQc1vwUa0K0BdtIZgQMAJj9IbebH+JkgKZc9h+B05PKHLOTl4ajG1BmNrVZlw=="
    },
    "picomatch": {
      "version": "2.0.7",
      "resolved": "http://localhost:4873/picomatch/-/picomatch-2.0.7.tgz",
      "integrity": "sha512-oLHIdio3tZ0qH76NybpeneBhYVj0QFTfXEFTc/B3zKQspYfYYkWYgFsmzo+4kvId/bQRcNkVeguI3y+CD22BtA=="
    },
    "prepend-http": {
      "version": "2.0.0",
      "resolved": "http://localhost:4873/prepend-http/-/prepend-http-2.0.0.tgz",
      "integrity": "sha1-6SQ0v6XqjBn0HN/UAddBo8gZ2Jc="
    },
    "prr": {
      "version": "1.0.1",
      "resolved": "http://localhost:4873/prr/-/prr-1.0.1.tgz",
      "integrity": "sha1-0/wRS6BplaRexok/SEzrHXj19HY="
    },
    "pump": {
      "version": "3.0.0",
      "resolved": "http://localhost:4873/pump/-/pump-3.0.0.tgz",
      "integrity": "sha512-LwZy+p3SFs1Pytd/jYct4wpv49HiYCqd9Rlc5ZVdk0V+8Yzv6jR5Blk3TRmPL1ft69TxP0IMZGJ+WPFU2BFhww==",
      "requires": {
        "end-of-stream": "^1.1.0",
        "once": "^1.3.1"
      }
    },
    "readable-stream": {
      "version": "3.4.0",
      "resolved": "http://localhost:4873/readable-stream/-/readable-stream-3.4.0.tgz",
      "integrity": "sha512-jItXPLmrSR8jmTRmRWJXCnGJsfy85mB3Wd/uINMXA65yrnFo0cPClFIUWzo2najVNSl+mx7/4W8ttlLWJe99pQ==",
      "requires": {
        "inherits": "^2.0.3",
        "string_decoder": "^1.1.1",
        "util-deprecate": "^1.0.1"
      }
    },
    "responselike": {
      "version": "1.0.2",
      "resolved": "http://localhost:4873/responselike/-/responselike-1.0.2.tgz",
      "integrity": "sha1-kYcg7ztjHFZCvgaPFa3lpG9Loec=",
      "requires": {
        "lowercase-keys": "^1.0.0"
      }
    },
    "reusify": {
      "version": "1.0.4",
      "resolved": "http://localhost:4873/reusify/-/reusify-1.0.4.tgz",
      "integrity": "sha512-U9nH88a3fc/ekCF1l0/UP1IosiuIjyTh7hBvXVMHYgVcfGvt897Xguj2UOLDeI5BG2m7/uwyaLVT6fbtCwTyzw=="
    },
    "run-parallel": {
      "version": "1.1.9",
      "resolved": "http://localhost:4873/run-parallel/-/run-parallel-1.1.9.tgz",
      "integrity": "sha512-DEqnSRTDw/Tc3FXf49zedI638Z9onwUotBMiUFKmrO2sdFKIbXamXGQ3Axd4qgphxKB4kw/qP1w5kTxnfU1B9Q=="
    },
    "safe-buffer": {
      "version": "5.1.2",
      "resolved": "http://localhost:4873/safe-buffer/-/safe-buffer-5.1.2.tgz",
      "integrity": "sha512-Gd2UZBJDkXlY7GbJxfsE8/nvKkUEU1G38c1siN6QP6a9PT9MmHB8GnpscSmMJSoF8LOIrt8ud/wPtojys4G6+g=="
    },
    "sprintf-js": {
      "version": "1.0.3",
      "resolved": "http://localhost:4873/sprintf-js/-/sprintf-js-1.0.3.tgz",
      "integrity": "sha1-BOaSb2YolTVPPdAVIDYzuFcpfiw="
    },
    "stdout": {
      "version": "0.0.3",
      "resolved": "http://localhost:4873/stdout/-/stdout-0.0.3.tgz",
      "integrity": "sha1-QA10MwTtYMdBvZTUyezcRNIhYOE=",
      "requires": {
        "through2": "~0.2.3"
      },
      "dependencies": {
        "readable-stream": {
          "version": "1.1.14",
          "resolved": "http://localhost:4873/readable-stream/-/readable-stream-1.1.14.tgz",
          "integrity": "sha1-fPTFTvZI44EwhMY23SB54WbAgdk=",
          "requires": {
            "core-util-is": "~1.0.0",
            "inherits": "~2.0.1",
            "isarray": "0.0.1",
            "string_decoder": "~0.10.x"
          }
        },
        "string_decoder": {
          "version": "0.10.31",
          "resolved": "http://localhost:4873/string_decoder/-/string_decoder-0.10.31.tgz",
          "integrity": "sha1-YuIDvEF2bGwoyfyEMB2rHFMQ+pQ="
        },
        "through2": {
          "version": "0.2.3",
          "resolved": "http://localhost:4873/through2/-/through2-0.2.3.tgz",
          "integrity": "sha1-6zKE2k6jEbbMis42U3SKUqvyWj8=",
          "requires": {
            "readable-stream": "~1.1.9",
            "xtend": "~2.1.1"
          }
        },
        "xtend": {
          "version": "2.1.2",
          "resolved": "http://localhost:4873/xtend/-/xtend-2.1.2.tgz",
          "integrity": "sha1-bv7MKk2tjmlixJAbM3znuoe10os=",
          "requires": {
            "object-keys": "~0.4.0"
          }
        }
      }
    },
    "string_decoder": {
      "version": "1.2.0",
      "resolved": "http://localhost:4873/string_decoder/-/string_decoder-1.2.0.tgz",
      "integrity": "sha512-6YqyX6ZWEYguAxgZzHGL7SsCeGx3V2TtOTqZz1xSTSWnqsbWwbptafNyvf/ACquZUXV3DANr5BDIwNYe1mN42w==",
      "requires": {
        "safe-buffer": "~5.1.0"
      }
    },
    "through2": {
      "version": "3.0.1",
      "resolved": "http://localhost:4873/through2/-/through2-3.0.1.tgz",
      "integrity": "sha512-M96dvTalPT3YbYLaKaCuwu+j06D/8Jfib0o/PxbVt6Amhv3dUAtW6rTV1jPgJSBG83I/e04Y6xkVdVhSRhi0ww==",
      "requires": {
        "readable-stream": "2 || 3"
      }
    },
    "to-readable-stream": {
      "version": "1.0.0",
      "resolved": "http://localhost:4873/to-readable-stream/-/to-readable-stream-1.0.0.tgz",
      "integrity": "sha512-Iq25XBt6zD5npPhlLVXGFN3/gyR2/qODcKNNyTMd4vbm39HUaOiAM4PMq0eMVC/Tkxz+Zjdsc55g9yyz+Yq00Q=="
    },
    "to-regex-range": {
      "version": "5.0.1",
      "resolved": "http://localhost:4873/to-regex-range/-/to-regex-range-5.0.1.tgz",
      "integrity": "sha512-65P7iz6X5yEr1cwcgvQxbbIw7Uk3gOy5dIdtZ4rDveLqhrdJP+Li/Hx6tyK0NEb+2GCyneCMJiGqrADCSNk8sQ==",
      "requires": {
        "is-number": "^7.0.0"
      }
    },
    "typedarray-to-buffer": {
      "version": "3.1.5",
      "resolved": "http://localhost:4873/typedarray-to-buffer/-/typedarray-to-buffer-3.1.5.tgz",
      "integrity": "sha512-zdu8XMNEDepKKR+XYOXAVPtWui0ly0NtohUscw+UmaHiAWT8hrV1rr//H6V+0DvJ3OQ19S979M0laLfX8rm82Q==",
      "requires": {
        "is-typedarray": "^1.0.0"
      }
    },
    "url-parse-lax": {
      "version": "3.0.0",
      "resolved": "http://localhost:4873/url-parse-lax/-/url-parse-lax-3.0.0.tgz",
      "integrity": "sha1-FrXK/Afb42dsGxmZF3gj1lA6yww=",
      "requires": {
        "prepend-http": "^2.0.0"
      }
    },
    "util-deprecate": {
      "version": "1.0.2",
      "resolved": "http://localhost:4873/util-deprecate/-/util-deprecate-1.0.2.tgz",
      "integrity": "sha1-RQ1Nyfpw3nMnYvvS1KKJgUGaDM8="
    },
    "wrappy": {
      "version": "1.0.2",
      "resolved": "http://localhost:4873/wrappy/-/wrappy-1.0.2.tgz",
      "integrity": "sha1-tSQ9jz7BqjXxNkYFvA0QNuMKtp8="
    },
    "xtend": {
      "version": "4.0.2",
      "resolved": "http://localhost:4873/xtend/-/xtend-4.0.2.tgz",
      "integrity": "sha512-LKYU1iAXJXUgAXn9URjiu+MWhyUXHsvfp7mcuYm9dSUKK0/CjtrUwFAxD82/mCWbtLsGjFIad0wIsod4zrTAEQ=="
    }
  }
}
